
Microsoft Visual Studio Solution File, Format Version 12.00
# Visual Studio 15
VisualStudioVersion = 15.0.28307.902
MinimumVisualStudioVersion = 10.0.40219.1
Project("{FAE04EC0-301F-11D3-BF4B-00C04F79EFBC}") = "SistemaAPI", "SistemaEmpresa\SistemaAPI.csproj", "{B8FD3A79-F55E-4ACA-972C-4099E825CB6D}"
EndProject
Project("{FAE04EC0-301F-11D3-BF4B-00C04F79EFBC}") = "SistemaModelos", "SistemaModelos\SistemaModelos.csproj", "{24AD4396-EACD-4F88-A2D2-F2BE8D4440FB}"
EndProject
Project("{FAE04EC0-301F-11D3-BF4B-00C04F79EFBC}") = "SistemaNegocio", "SistemaNegocio\SistemaNegocio.csproj", "{BA365660-A941-4DB9-AD49-E05B364550B6}"
EndProject
Project("{FAE04EC0-301F-11D3-BF4B-00C04F79EFBC}") = "SistemaDados", "SistemaDados\SistemaDados.csproj", "{81451F5E-624C-455D-82BD-4965D0C11048}"
EndProject
Project("{FAE04EC0-301F-11D3-BF4B-00C04F79EFBC}") = "SistemaFront", "SistemaFront\SistemaFront.csproj", "{FCC32915-72F1-449E-ACCE-7D06CA49C19F}"
EndProject
Global
	GlobalSection(SolutionConfigurationPlatforms) = preSolution
		Debug|Any CPU = Debug|Any CPU
		Release|Any CPU = Release|Any CPU
	EndGlobalSection
	GlobalSection(ProjectConfigurationPlatforms) = postSolution
		{B8FD3A79-F55E-4ACA-972C-4099E825CB6D}.Debug|Any CPU.ActiveCfg = Debug|Any CPU
		{B8FD3A79-F55E-4ACA-972C-4099E825CB6D}.Debug|Any CPU.Build.0 = Debug|Any CPU
		{B8FD3A79-F55E-4ACA-972C-4099E825CB6D}.Release|Any CPU.ActiveCfg = Release|Any CPU
		{B8FD3A79-F55E-4ACA-972C-4099E825CB6D}.Release|Any CPU.Build.0 = Release|Any CPU
		{24AD4396-EACD-4F88-A2D2-F2BE8D4440FB}.Debug|Any CPU.ActiveCfg = Debug|Any CPU
		{24AD4396-EACD-4F88-A2D2-F2BE8D4440FB}.Debug|Any CPU.Build.0 = Debug|Any CPU
		{24AD4396-EACD-4F88-A2D2-F2BE8D4440FB}.Release|Any CPU.ActiveCfg = Release|Any CPU
		{24AD4396-EACD-4F88-A2D2-F2BE8D4440FB}.Release|Any CPU.Build.0 = Release|Any CPU
		{BA365660-A941-4DB9-AD49-E05B364550B6}.Debug|Any CPU.ActiveCfg = Debug|Any CPU
		{BA365660-A941-4DB9-AD49-E05B364550B6}.Debug|Any CPU.Build.0 = Debug|Any CPU
		{BA365660-A941-4DB9-AD49-E05B364550B6}.Release|Any CPU.ActiveCfg = Release|Any CPU
		{BA365660-A941-4DB9-AD49-E05B364550B6}.Release|Any CPU.Build.0 = Release|Any CPU
		{81451F5E-624C-455D-82BD-4965D0C11048}.Debug|Any CPU.ActiveCfg = Debug|Any CPU
		{81451F5E-624C-455D-82BD-4965D0C11048}.Debug|Any CPU.Build.0 = Debug|Any CPU
		{81451F5E-624C-455D-82BD-4965D0C11048}.Release|Any CPU.ActiveCfg = Release|Any CPU
		{81451F5E-624C-455D-82BD-4965D0C11048}.Release|Any CPU.Build.0 = Release|Any CPU
		{FCC32915-72F1-449E-ACCE-7D06CA49C19F}.Debug|Any CPU.ActiveCfg = Debug|Any CPU
		{FCC32915-72F1-449E-ACCE-7D06CA49C19F}.Debug|Any CPU.Build.0 = Debug|Any CPU
		{FCC32915-72F1-449E-ACCE-7D06CA49C19F}.Release|Any CPU.ActiveCfg = Release|Any CPU
		{FCC32915-72F1-449E-ACCE-7D06CA49C19F}.Release|Any CPU.Build.0 = Release|Any CPU
	EndGlobalSection
	GlobalSection(SolutionProperties) = preSolution
		HideSolutionNode = FALSE
	EndGlobalSection
	GlobalSection(ExtensibilityGlobals) = postSolution
		SolutionGuid = {E32738EE-D126-40AA-85DB-EEE66EF417F6}
	EndGlobalSection
EndGlobal
